
Microsoft Visual Studio Solution File, Format Version 12.00
# Visual Studio Version 16
VisualStudioVersion = 16.0.30204.135
MinimumVisualStudioVersion = 10.0.40219.1
Project("{9A19103F-16F7-4668-BE54-9A1E7A4F7556}") = "WebApi", "WebApi\WebApi.csproj", "{3E5159FD-33BA-43CB-AC18-EEF38A14A28B}"
EndProject
Project("{9A19103F-16F7-4668-BE54-9A1E7A4F7556}") = "Front-End", "..\Front-End\Front-End.csproj", "{71E450F2-263C-450B-BFA9-AE3C64AB604A}"
EndProject
Global
	GlobalSection(SolutionConfigurationPlatforms) = preSolution
		Debug|Any CPU = Debug|Any CPU
		Release|Any CPU = Release|Any CPU
	EndGlobalSection
	GlobalSection(ProjectConfigurationPlatforms) = postSolution
		{3E5159FD-33BA-43CB-AC18-EEF38A14A28B}.Debug|Any CPU.ActiveCfg = Debug|Any CPU
		{3E5159FD-33BA-43CB-AC18-EEF38A14A28B}.Debug|Any CPU.Build.0 = Debug|Any CPU
		{3E5159FD-33BA-43CB-AC18-EEF38A14A28B}.Release|Any CPU.ActiveCfg = Release|Any CPU
		{3E5159FD-33BA-43CB-AC18-EEF38A14A28B}.Release|Any CPU.Build.0 = Release|Any CPU
		{71E450F2-263C-450B-BFA9-AE3C64AB604A}.Debug|Any CPU.ActiveCfg = Debug|Any CPU
		{71E450F2-263C-450B-BFA9-AE3C64AB604A}.Debug|Any CPU.Build.0 = Debug|Any CPU
		{71E450F2-263C-450B-BFA9-AE3C64AB604A}.Release|Any CPU.ActiveCfg = Release|Any CPU
		{71E450F2-263C-450B-BFA9-AE3C64AB604A}.Release|Any CPU.Build.0 = Release|Any CPU
	EndGlobalSection
	GlobalSection(SolutionProperties) = preSolution
		HideSolutionNode = FALSE
	EndGlobalSection
	GlobalSection(ExtensibilityGlobals) = postSolution
		SolutionGuid = {50B3EA2B-972D-49F5-8414-A8F86A85F401}
	EndGlobalSection
EndGlobal
